
Microsoft Visual Studio Solution File, Format Version 12.00
# Visual Studio Version 17
VisualStudioVersion = 17.6.33829.357
MinimumVisualStudioVersion = 10.0.40219.1
Project("{9A19103F-16F7-4668-BE54-9A1E7A4F7556}") = "Projekty", "Projekty\Projekty.csproj", "{D07970B7-5C97-4861-AB5F-B0C0B7BBF427}"
EndProject
Global
	GlobalSection(SolutionConfigurationPlatforms) = preSolution
		Debug|Any CPU = Debug|Any CPU
		Release|Any CPU = Release|Any CPU
	EndGlobalSection
	GlobalSection(ProjectConfigurationPlatforms) = postSolution
		{D07970B7-5C97-4861-AB5F-B0C0B7BBF427}.Debug|Any CPU.ActiveCfg = Debug|Any CPU
		{D07970B7-5C97-4861-AB5F-B0C0B7BBF427}.Debug|Any CPU.Build.0 = Debug|Any CPU
		{D07970B7-5C97-4861-AB5F-B0C0B7BBF427}.Release|Any CPU.ActiveCfg = Release|Any CPU
		{D07970B7-5C97-4861-AB5F-B0C0B7BBF427}.Release|Any CPU.Build.0 = Release|Any CPU
	EndGlobalSection
	GlobalSection(SolutionProperties) = preSolution
		HideSolutionNode = FALSE
	EndGlobalSection
	GlobalSection(ExtensibilityGlobals) = postSolution
		SolutionGuid = {432FC89F-9E7F-4151-B232-11AE76FB3540}
	EndGlobalSection
EndGlobal
